
Microsoft Visual Studio Solution File, Format Version 12.00
# Visual Studio Version 16
VisualStudioVersion = 16.0.29525.5
MinimumVisualStudioVersion = 10.0.40219.1
Project("{FAE04EC0-301F-11D3-BF4B-00C04F79EFBC}") = "GprTool", "src\GprTool\GprTool.csproj", "{05D76B2C-A445-434E-B25C-D3679E3C6CBE}"
EndProject
Global
	GlobalSection(SolutionConfigurationPlatforms) = preSolution
		Debug|Any CPU = Debug|Any CPU
		Release|Any CPU = Release|Any CPU
	EndGlobalSection
	GlobalSection(ProjectConfigurationPlatforms) = postSolution
		{05D76B2C-A445-434E-B25C-D3679E3C6CBE}.Debug|Any CPU.ActiveCfg = Debug|Any CPU
		{05D76B2C-A445-434E-B25C-D3679E3C6CBE}.Debug|Any CPU.Build.0 = Debug|Any CPU
		{05D76B2C-A445-434E-B25C-D3679E3C6CBE}.Release|Any CPU.ActiveCfg = Release|Any CPU
		{05D76B2C-A445-434E-B25C-D3679E3C6CBE}.Release|Any CPU.Build.0 = Release|Any CPU
	EndGlobalSection
	GlobalSection(SolutionProperties) = preSolution
		HideSolutionNode = FALSE
	EndGlobalSection
	GlobalSection(ExtensibilityGlobals) = postSolution
		SolutionGuid = {7060F7A3-8D04-4AA6-B406-F90EF73771F3}
	EndGlobalSection
EndGlobal
