{
  "name": "@jcansdale-test/gpr",
  "version": "1.0.0",
  "lockfileVersion": 1,
  "requires": true,
  "dependencies": {
    "@jcansdale-test/dotnet-runtime": {
      "version": "3.1.5",
      "resolved": "https://registry.npmjs.org/@jcansdale-test/dotnet-runtime/-/dotnet-runtime-3.1.5.tgz",
      "integrity": "sha512-NcR7xktBHsfgWlRZq7dpFr+qS057NUImpeopSNwBsOlLZ1MNEZw09H7bou/UwHE+98N8MgOjRroMpDkvSqSlbg==",
      "requires": {
        "@jcansdale-test/dotnet-runtime-linux-x64": "^3.1.5",
        "@jcansdale-test/dotnet-runtime-osx-x64": "^3.1.5",
        "@jcansdale-test/dotnet-runtime-win-x64": "^3.1.5"
      }
    },
    "@jcansdale-test/dotnet-runtime-linux-x64": {
      "version": "3.1.5",
      "resolved": "https://registry.npmjs.org/@jcansdale-test/dotnet-runtime-linux-x64/-/dotnet-runtime-linux-x64-3.1.5.tgz",
      "integrity": "sha512-QIeh/YrIK/k34b4SYl8wf/lxVrd2GswnIKV/6jCUZHhIC6+aIuzVg/Xoha9xQN5YhI7EGc9XM/j6INHlUqLcaA=="
    },
    "@jcansdale-test/dotnet-runtime-osx-x64": {
      "version": "3.1.5",
      "resolved": "https://registry.npmjs.org/@jcansdale-test/dotnet-runtime-osx-x64/-/dotnet-runtime-osx-x64-3.1.5.tgz",
      "integrity": "sha512-YVMSTkA3uoD614PNFIM6XvDwqEEJQneL/f2au0NLY5TzlJZO38ChpfITB+3rHNUJHVHL1getv41+eMD+l+YR/A=="
    },
    "@jcansdale-test/dotnet-runtime-win-x64": {
      "version": "3.1.5",
      "resolved": "https://registry.npmjs.org/@jcansdale-test/dotnet-runtime-win-x64/-/dotnet-runtime-win-x64-3.1.5.tgz",
      "integrity": "sha512-c9pEw5EWXda1XMUdfpGj3uhWusCH0fOUnJVnnM69M4k+wOdYQ05MTGjwtXOI2goxVfCYeHBoJ0mW9jgoCGqUVw=="
    }
  }
}
