{
  "name": "@jcansdale-test/gpr",
  "version": "1.0.2",
  "lockfileVersion": 1,
  "requires": true,
  "dependencies": {
    "@jcansdale-test/dotnet-runtime": {
      "version": "3.1.5-beta1",
      "resolved": "https://registry.npmjs.org/@jcansdale-test/dotnet-runtime/-/dotnet-runtime-3.1.5-beta1.tgz",
      "integrity": "sha512-jBOBPWO+X3hHFfgVaiHoKQ+0XI1ydgZm2nzOKVv40S5k8UfM3hsLgZCGx3AKVviOhBrF9jvLPVSrCUrzGnQaoQ==",
      "requires": {
        "@jcansdale-test/dotnet-runtime-linux-x64": "3.1.5-beta1",
        "@jcansdale-test/dotnet-runtime-osx-x64": "3.1.5-beta1",
        "@jcansdale-test/dotnet-runtime-win-x64": "3.1.5-beta1"
      }
    },
    "@jcansdale-test/dotnet-runtime-linux-x64": {
      "version": "3.1.5-beta1",
      "resolved": "https://registry.npmjs.org/@jcansdale-test/dotnet-runtime-linux-x64/-/dotnet-runtime-linux-x64-3.1.5-beta1.tgz",
      "integrity": "sha512-rc11cZncGIPNDl14qu3R5gHvODqJR2dT4RTPnSig5LNbsdUmnd7f217OhCCu84DAierzflSLzSJcuEdz7k652w==",
      "optional": true
    },
    "@jcansdale-test/dotnet-runtime-osx-x64": {
      "version": "3.1.5-beta1",
      "resolved": "https://registry.npmjs.org/@jcansdale-test/dotnet-runtime-osx-x64/-/dotnet-runtime-osx-x64-3.1.5-beta1.tgz",
      "integrity": "sha512-vQBlTPh0mCl93we7NUhYg0IsmehqD35J92t9uXD78zZ3lc3V688MrBxXtbUiK1ky/Fti4wAryDJzNxbUOnYjcg==",
      "optional": true
    },
    "@jcansdale-test/dotnet-runtime-win-x64": {
      "version": "3.1.5-beta1",
      "resolved": "https://registry.npmjs.org/@jcansdale-test/dotnet-runtime-win-x64/-/dotnet-runtime-win-x64-3.1.5-beta1.tgz",
      "integrity": "sha512-ZZ9Uj2ISAQwi0L8EsEBIaB0wRXMxl6e9854lrjtI6umOGaJQh3DXY2zGaSh2f/NhUp1cRmkQuyMJ09LtaSZkbw==",
      "optional": true
    }
  }
}
